
Microsoft Visual Studio Solution File, Format Version 12.00
# Visual Studio Version 16
VisualStudioVersion = 16.0.29503.13
MinimumVisualStudioVersion = 10.0.40219.1
Project("{FAE04EC0-301F-11D3-BF4B-00C04F79EFBC}") = "BE", "BE\BE.csproj", "{68C75BA3-9DAF-431F-848C-0788E0A22EB4}"
EndProject
Project("{FAE04EC0-301F-11D3-BF4B-00C04F79EFBC}") = "DAL", "DAL\DAL.csproj", "{BADD298A-7EFB-44AD-8ED6-EC5B35522FF8}"
EndProject
Project("{FAE04EC0-301F-11D3-BF4B-00C04F79EFBC}") = "BL", "BL\BL.csproj", "{69924D5B-8F93-4135-A6B1-3E637945DAD3}"
EndProject
Project("{FAE04EC0-301F-11D3-BF4B-00C04F79EFBC}") = "PL", "PL\PL.csproj", "{22E131D2-CC40-4360-93DA-C1855E72865A}"
EndProject
Project("{FAE04EC0-301F-11D3-BF4B-00C04F79EFBC}") = "Utilities", "Utilities\Utilities.csproj", "{0452783E-1712-4303-B6F0-AC9E75D42BF9}"
EndProject
Global
	GlobalSection(SolutionConfigurationPlatforms) = preSolution
		Debug|Any CPU = Debug|Any CPU
		Release|Any CPU = Release|Any CPU
	EndGlobalSection
	GlobalSection(ProjectConfigurationPlatforms) = postSolution
		{68C75BA3-9DAF-431F-848C-0788E0A22EB4}.Debug|Any CPU.ActiveCfg = Debug|Any CPU
		{68C75BA3-9DAF-431F-848C-0788E0A22EB4}.Debug|Any CPU.Build.0 = Debug|Any CPU
		{68C75BA3-9DAF-431F-848C-0788E0A22EB4}.Release|Any CPU.ActiveCfg = Release|Any CPU
		{68C75BA3-9DAF-431F-848C-0788E0A22EB4}.Release|Any CPU.Build.0 = Release|Any CPU
		{BADD298A-7EFB-44AD-8ED6-EC5B35522FF8}.Debug|Any CPU.ActiveCfg = Debug|Any CPU
		{BADD298A-7EFB-44AD-8ED6-EC5B35522FF8}.Debug|Any CPU.Build.0 = Debug|Any CPU
		{BADD298A-7EFB-44AD-8ED6-EC5B35522FF8}.Release|Any CPU.ActiveCfg = Release|Any CPU
		{BADD298A-7EFB-44AD-8ED6-EC5B35522FF8}.Release|Any CPU.Build.0 = Release|Any CPU
		{69924D5B-8F93-4135-A6B1-3E637945DAD3}.Debug|Any CPU.ActiveCfg = Debug|Any CPU
		{69924D5B-8F93-4135-A6B1-3E637945DAD3}.Debug|Any CPU.Build.0 = Debug|Any CPU
		{69924D5B-8F93-4135-A6B1-3E637945DAD3}.Release|Any CPU.ActiveCfg = Release|Any CPU
		{69924D5B-8F93-4135-A6B1-3E637945DAD3}.Release|Any CPU.Build.0 = Release|Any CPU
		{22E131D2-CC40-4360-93DA-C1855E72865A}.Debug|Any CPU.ActiveCfg = Debug|Any CPU
		{22E131D2-CC40-4360-93DA-C1855E72865A}.Debug|Any CPU.Build.0 = Debug|Any CPU
		{22E131D2-CC40-4360-93DA-C1855E72865A}.Release|Any CPU.ActiveCfg = Release|Any CPU
		{22E131D2-CC40-4360-93DA-C1855E72865A}.Release|Any CPU.Build.0 = Release|Any CPU
		{0452783E-1712-4303-B6F0-AC9E75D42BF9}.Debug|Any CPU.ActiveCfg = Debug|Any CPU
		{0452783E-1712-4303-B6F0-AC9E75D42BF9}.Debug|Any CPU.Build.0 = Debug|Any CPU
		{0452783E-1712-4303-B6F0-AC9E75D42BF9}.Release|Any CPU.ActiveCfg = Release|Any CPU
		{0452783E-1712-4303-B6F0-AC9E75D42BF9}.Release|Any CPU.Build.0 = Release|Any CPU
	EndGlobalSection
	GlobalSection(SolutionProperties) = preSolution
		HideSolutionNode = FALSE
	EndGlobalSection
	GlobalSection(ExtensibilityGlobals) = postSolution
		SolutionGuid = {ECC8735D-564B-4A82-8A23-012F186E0475}
	EndGlobalSection
EndGlobal
